
Microsoft Visual Studio Solution File, Format Version 12.00
# Visual Studio Version 17
VisualStudioVersion = 17.10.35013.160
MinimumVisualStudioVersion = 10.0.40219.1
Project("{9A19103F-16F7-4668-BE54-9A1E7A4F7556}") = "MoneyTracker.API", "MoneyTracker.API\MoneyTracker.API.csproj", "{928CB6A0-6C97-47ED-B8C4-7F1AB1D8AA0E}"
EndProject
Project("{9A19103F-16F7-4668-BE54-9A1E7A4F7556}") = "MoneyTracker.DatabaseMigration", "MoneyTracker.DatabaseMigration\MoneyTracker.DatabaseMigration.csproj", "{FDA3723A-FCCB-40F4-8FB7-3FEE8890921C}"
EndProject
Project("{9A19103F-16F7-4668-BE54-9A1E7A4F7556}") = "MoneyTracker.Data", "MoneyTracker.Data\MoneyTracker.Data.csproj", "{F2AFF46F-A8E1-46D2-A20D-715762A9ECB3}"
EndProject
Project("{9A19103F-16F7-4668-BE54-9A1E7A4F7556}") = "MoneyTracker.Shared", "MoneyTracker.Shared\MoneyTracker.Shared.csproj", "{7D28492B-39EB-4A4E-99F4-A385F250C35A}"
EndProject
Project("{9A19103F-16F7-4668-BE54-9A1E7A4F7556}") = "MoneyTracker.Tests", "MoneyTracker.Tests\MoneyTracker.Tests.csproj", "{4DC9448B-4DEA-4AA9-A57C-07CFA548F4DA}"
EndProject
Project("{9A19103F-16F7-4668-BE54-9A1E7A4F7556}") = "MoneyTracker.Calculation", "MoneyTracker.Calculation\MoneyTracker.Calculation.csproj", "{764AD3A9-0A6D-46B4-BA3F-AC9AFC31F527}"
EndProject
Project("{9A19103F-16F7-4668-BE54-9A1E7A4F7556}") = "MoneyTracker.Core", "MoneyTracker.Core\MoneyTracker.Core.csproj", "{6EF8F1B1-4DB4-4598-8337-EFBF55951E1A}"
EndProject
Global
	GlobalSection(SolutionConfigurationPlatforms) = preSolution
		Debug|Any CPU = Debug|Any CPU
		Release|Any CPU = Release|Any CPU
	EndGlobalSection
	GlobalSection(ProjectConfigurationPlatforms) = postSolution
		{928CB6A0-6C97-47ED-B8C4-7F1AB1D8AA0E}.Debug|Any CPU.ActiveCfg = Debug|Any CPU
		{928CB6A0-6C97-47ED-B8C4-7F1AB1D8AA0E}.Debug|Any CPU.Build.0 = Debug|Any CPU
		{928CB6A0-6C97-47ED-B8C4-7F1AB1D8AA0E}.Release|Any CPU.ActiveCfg = Release|Any CPU
		{928CB6A0-6C97-47ED-B8C4-7F1AB1D8AA0E}.Release|Any CPU.Build.0 = Release|Any CPU
		{FDA3723A-FCCB-40F4-8FB7-3FEE8890921C}.Debug|Any CPU.ActiveCfg = Debug|Any CPU
		{FDA3723A-FCCB-40F4-8FB7-3FEE8890921C}.Debug|Any CPU.Build.0 = Debug|Any CPU
		{FDA3723A-FCCB-40F4-8FB7-3FEE8890921C}.Release|Any CPU.ActiveCfg = Release|Any CPU
		{FDA3723A-FCCB-40F4-8FB7-3FEE8890921C}.Release|Any CPU.Build.0 = Release|Any CPU
		{F2AFF46F-A8E1-46D2-A20D-715762A9ECB3}.Debug|Any CPU.ActiveCfg = Debug|Any CPU
		{F2AFF46F-A8E1-46D2-A20D-715762A9ECB3}.Debug|Any CPU.Build.0 = Debug|Any CPU
		{F2AFF46F-A8E1-46D2-A20D-715762A9ECB3}.Release|Any CPU.ActiveCfg = Release|Any CPU
		{F2AFF46F-A8E1-46D2-A20D-715762A9ECB3}.Release|Any CPU.Build.0 = Release|Any CPU
		{7D28492B-39EB-4A4E-99F4-A385F250C35A}.Debug|Any CPU.ActiveCfg = Debug|Any CPU
		{7D28492B-39EB-4A4E-99F4-A385F250C35A}.Debug|Any CPU.Build.0 = Debug|Any CPU
		{7D28492B-39EB-4A4E-99F4-A385F250C35A}.Release|Any CPU.ActiveCfg = Release|Any CPU
		{7D28492B-39EB-4A4E-99F4-A385F250C35A}.Release|Any CPU.Build.0 = Release|Any CPU
		{4DC9448B-4DEA-4AA9-A57C-07CFA548F4DA}.Debug|Any CPU.ActiveCfg = Debug|Any CPU
		{4DC9448B-4DEA-4AA9-A57C-07CFA548F4DA}.Debug|Any CPU.Build.0 = Debug|Any CPU
		{4DC9448B-4DEA-4AA9-A57C-07CFA548F4DA}.Release|Any CPU.ActiveCfg = Release|Any CPU
		{4DC9448B-4DEA-4AA9-A57C-07CFA548F4DA}.Release|Any CPU.Build.0 = Release|Any CPU
		{764AD3A9-0A6D-46B4-BA3F-AC9AFC31F527}.Debug|Any CPU.ActiveCfg = Debug|Any CPU
		{764AD3A9-0A6D-46B4-BA3F-AC9AFC31F527}.Debug|Any CPU.Build.0 = Debug|Any CPU
		{764AD3A9-0A6D-46B4-BA3F-AC9AFC31F527}.Release|Any CPU.ActiveCfg = Release|Any CPU
		{764AD3A9-0A6D-46B4-BA3F-AC9AFC31F527}.Release|Any CPU.Build.0 = Release|Any CPU
		{6EF8F1B1-4DB4-4598-8337-EFBF55951E1A}.Debug|Any CPU.ActiveCfg = Debug|Any CPU
		{6EF8F1B1-4DB4-4598-8337-EFBF55951E1A}.Debug|Any CPU.Build.0 = Debug|Any CPU
		{6EF8F1B1-4DB4-4598-8337-EFBF55951E1A}.Release|Any CPU.ActiveCfg = Release|Any CPU
		{6EF8F1B1-4DB4-4598-8337-EFBF55951E1A}.Release|Any CPU.Build.0 = Release|Any CPU
	EndGlobalSection
	GlobalSection(SolutionProperties) = preSolution
		HideSolutionNode = FALSE
	EndGlobalSection
	GlobalSection(ExtensibilityGlobals) = postSolution
		SolutionGuid = {C05BF204-356E-4503-B959-74ED22AB7CB0}
	EndGlobalSection
EndGlobal
