
Microsoft Visual Studio Solution File, Format Version 12.00
# Visual Studio Version 17
VisualStudioVersion = 17.10.35013.160
MinimumVisualStudioVersion = 10.0.40219.1
Project("{FAE04EC0-301F-11D3-BF4B-00C04F79EFBC}") = "MoneyTracker.API", "MoneyTracker\MoneyTracker.API.csproj", "{928CB6A0-6C97-47ED-B8C4-7F1AB1D8AA0E}"
EndProject
Global
	GlobalSection(SolutionConfigurationPlatforms) = preSolution
		Debug|Any CPU = Debug|Any CPU
		Release|Any CPU = Release|Any CPU
	EndGlobalSection
	GlobalSection(ProjectConfigurationPlatforms) = postSolution
		{928CB6A0-6C97-47ED-B8C4-7F1AB1D8AA0E}.Debug|Any CPU.ActiveCfg = Debug|Any CPU
		{928CB6A0-6C97-47ED-B8C4-7F1AB1D8AA0E}.Debug|Any CPU.Build.0 = Debug|Any CPU
		{928CB6A0-6C97-47ED-B8C4-7F1AB1D8AA0E}.Release|Any CPU.ActiveCfg = Release|Any CPU
		{928CB6A0-6C97-47ED-B8C4-7F1AB1D8AA0E}.Release|Any CPU.Build.0 = Release|Any CPU
	EndGlobalSection
	GlobalSection(SolutionProperties) = preSolution
		HideSolutionNode = FALSE
	EndGlobalSection
	GlobalSection(ExtensibilityGlobals) = postSolution
		SolutionGuid = {C05BF204-356E-4503-B959-74ED22AB7CB0}
	EndGlobalSection
EndGlobal
