
Microsoft Visual Studio Solution File, Format Version 12.00
# Visual Studio Version 17
VisualStudioVersion = 17.10.35013.160
MinimumVisualStudioVersion = 10.0.40219.1
Project("{2150E333-8FDC-42A3-9474-1A3956D46DE8}") = "src", "src", "{FDEFE7F2-894C-4A38-A220-4F067B37C0EA}"
EndProject
Project("{2150E333-8FDC-42A3-9474-1A3956D46DE8}") = "Commands", "Commands", "{E5CC17F4-3F51-4EAE-AEA1-48FD63D3DE63}"
EndProject
Project("{FAE04EC0-301F-11D3-BF4B-00C04F79EFBC}") = "MoneyTracker.Commands.API", "src\Commands\MoneyTracker.Commands.API\MoneyTracker.Commands.API.csproj", "{BBDEC6F6-A090-4C69-BAF7-30C464EBB4F9}"
EndProject
Project("{FAE04EC0-301F-11D3-BF4B-00C04F79EFBC}") = "MoneyTracker.Commands.Application", "src\Commands\MoneyTracker.Commands.Application\MoneyTracker.Commands.Application.csproj", "{22931CE2-D0B7-4DCA-8334-475C7790D574}"
EndProject
Project("{FAE04EC0-301F-11D3-BF4B-00C04F79EFBC}") = "MoneyTracker.Commands.DatabaseMigration", "src\Commands\MoneyTracker.Commands.DatabaseMigration\MoneyTracker.Commands.DatabaseMigration.csproj", "{5A7C275C-C080-407A-93BD-C3308CD4A34E}"
EndProject
Project("{FAE04EC0-301F-11D3-BF4B-00C04F79EFBC}") = "MoneyTracker.Commands.Domain", "src\Commands\MoneyTracker.Commands.Domain\MoneyTracker.Commands.Domain.csproj", "{89755528-EDFD-4535-ABB6-88D7ACB83233}"
EndProject
Project("{FAE04EC0-301F-11D3-BF4B-00C04F79EFBC}") = "MoneyTracker.Commands.Infrastructure", "src\Commands\MoneyTracker.Commands.Infrastructure\MoneyTracker.Commands.Infrastructure.csproj", "{9CDC4DD3-DCEE-4833-9425-39E8E4CA5D5F}"
EndProject
Project("{FAE04EC0-301F-11D3-BF4B-00C04F79EFBC}") = "MoneyTracker.Commands.Tests", "src\Commands\MoneyTracker.Commands.Tests\MoneyTracker.Commands.Tests.csproj", "{EACB1F9C-A75B-4095-A320-7EE60DE0FABA}"
EndProject
Project("{2150E333-8FDC-42A3-9474-1A3956D46DE8}") = "Queries", "Queries", "{40A2F00A-0FDD-4A00-92AD-0374CDA462C1}"
EndProject
Project("{FAE04EC0-301F-11D3-BF4B-00C04F79EFBC}") = "MoneyTracker.Queries.API", "src\Queries\MoneyTracker.Queries.API\MoneyTracker.Queries.API.csproj", "{E6713179-A6FE-404B-8E37-8D4365C877F4}"
EndProject
Project("{FAE04EC0-301F-11D3-BF4B-00C04F79EFBC}") = "MoneyTracker.Queries.Application", "src\Queries\MoneyTracker.Queries.Application\MoneyTracker.Queries.Application.csproj", "{FE587DD7-B6B8-4249-B416-CA776DEFDCBD}"
EndProject
Project("{FAE04EC0-301F-11D3-BF4B-00C04F79EFBC}") = "MoneyTracker.Queries.DataMigration", "src\Queries\MoneyTracker.Queries.DataMigration\MoneyTracker.Queries.DataMigration.csproj", "{E766F30D-1BB4-46B1-8D1A-09AB2738F4A3}"
EndProject
Project("{FAE04EC0-301F-11D3-BF4B-00C04F79EFBC}") = "MoneyTracker.Queries.Domain", "src\Queries\MoneyTracker.Queries.Domain\MoneyTracker.Queries.Domain.csproj", "{6E78F85C-9752-4C5A-900B-AE1424516368}"
EndProject
Project("{FAE04EC0-301F-11D3-BF4B-00C04F79EFBC}") = "MoneyTracker.Queries.Infrastructure", "src\Queries\MoneyTracker.Queries.Infrastructure\MoneyTracker.Queries.Infrastructure.csproj", "{4075F06D-A1E3-4848-81FD-609AEE7F3AA8}"
EndProject
Project("{FAE04EC0-301F-11D3-BF4B-00C04F79EFBC}") = "MoneyTracker.Queries.Tests", "src\Queries\MoneyTracker.Queries.Tests\MoneyTracker.Queries.Tests.csproj", "{8A1AD339-2E30-49AB-ACE1-F9791D20A9E9}"
EndProject
Project("{2150E333-8FDC-42A3-9474-1A3956D46DE8}") = "Shared", "Shared", "{5E47817F-A263-45E2-852D-C794413F2F06}"
EndProject
Project("{FAE04EC0-301F-11D3-BF4B-00C04F79EFBC}") = "MoneyTracker.Authentication", "src\Shared\MoneyTracker.Authentication\MoneyTracker.Authentication.csproj", "{FE902A59-73DD-4CA4-BC94-458D47C82FF1}"
EndProject
Project("{FAE04EC0-301F-11D3-BF4B-00C04F79EFBC}") = "MoneyTracker.Common", "src\Shared\MoneyTracker.Common\MoneyTracker.Common.csproj", "{EE92E561-72C9-43E8-8A2A-D9D78B54772C}"
EndProject
Project("{FAE04EC0-301F-11D3-BF4B-00C04F79EFBC}") = "MoneyTracker.Contracts", "src\Shared\MoneyTracker.Contracts\MoneyTracker.Contracts.csproj", "{0172DC3E-2897-4513-8B1B-D7FB52F30889}"
EndProject
Project("{FAE04EC0-301F-11D3-BF4B-00C04F79EFBC}") = "MoneyTracker.PlatformService", "src\Shared\MoneyTracker.PlatformService\MoneyTracker.PlatformService.csproj", "{739CB57A-91C6-4D73-8FA2-7D3557852FB7}"
EndProject
Project("{FAE04EC0-301F-11D3-BF4B-00C04F79EFBC}") = "MoneyTracker.Tests", "src\Shared\MoneyTracker.Tests\MoneyTracker.Tests.csproj", "{A8806617-A0FD-4319-93C6-B62D945F8508}"
EndProject
Project("{2150E333-8FDC-42A3-9474-1A3956D46DE8}") = "analysers", "analysers", "{34D9FCAF-878F-4376-A0E7-2EF23ED4C619}"
EndProject
Project("{2150E333-8FDC-42A3-9474-1A3956D46DE8}") = "InterceptDoubleNegativeResult", "InterceptDoubleNegativeResult", "{80BF5742-A2B2-4017-9DAF-FD3847D37694}"
EndProject
Project("{FAE04EC0-301F-11D3-BF4B-00C04F79EFBC}") = "MoneyTracker.InterceptDoubleNegativeResult.Sample", "analysers\InterceptDoubleNegativeResult\MoneyTracker.InterceptDoubleNegativeResult.Sample\MoneyTracker.InterceptDoubleNegativeResult.Sample.csproj", "{4BBCC8D3-914C-442B-B595-387A694825BB}"
EndProject
Project("{FAE04EC0-301F-11D3-BF4B-00C04F79EFBC}") = "MoneyTracker.InterceptDoubleNegativeResult.Test", "analysers\InterceptDoubleNegativeResult\MoneyTracker.InterceptDoubleNegativeResult.Test\MoneyTracker.InterceptDoubleNegativeResult.Test.csproj", "{0E1B3408-9134-4976-A457-15FCEC38AA1F}"
EndProject
Project("{FAE04EC0-301F-11D3-BF4B-00C04F79EFBC}") = "MoneyTracker.InterceptDoubleNegativeResult", "analysers\InterceptDoubleNegativeResult\MoneyTracker.InterceptDoubleNegativeResult\MoneyTracker.InterceptDoubleNegativeResult.csproj", "{FDB9C06D-72D1-4360-A9D3-0A80FFA16344}"
EndProject
Global
	GlobalSection(SolutionConfigurationPlatforms) = preSolution
		Debug|Any CPU = Debug|Any CPU
		Release|Any CPU = Release|Any CPU
	EndGlobalSection
	GlobalSection(ProjectConfigurationPlatforms) = postSolution
		{BBDEC6F6-A090-4C69-BAF7-30C464EBB4F9}.Debug|Any CPU.ActiveCfg = Debug|Any CPU
		{BBDEC6F6-A090-4C69-BAF7-30C464EBB4F9}.Debug|Any CPU.Build.0 = Debug|Any CPU
		{BBDEC6F6-A090-4C69-BAF7-30C464EBB4F9}.Release|Any CPU.ActiveCfg = Release|Any CPU
		{BBDEC6F6-A090-4C69-BAF7-30C464EBB4F9}.Release|Any CPU.Build.0 = Release|Any CPU
		{22931CE2-D0B7-4DCA-8334-475C7790D574}.Debug|Any CPU.ActiveCfg = Debug|Any CPU
		{22931CE2-D0B7-4DCA-8334-475C7790D574}.Debug|Any CPU.Build.0 = Debug|Any CPU
		{22931CE2-D0B7-4DCA-8334-475C7790D574}.Release|Any CPU.ActiveCfg = Release|Any CPU
		{22931CE2-D0B7-4DCA-8334-475C7790D574}.Release|Any CPU.Build.0 = Release|Any CPU
		{5A7C275C-C080-407A-93BD-C3308CD4A34E}.Debug|Any CPU.ActiveCfg = Debug|Any CPU
		{5A7C275C-C080-407A-93BD-C3308CD4A34E}.Debug|Any CPU.Build.0 = Debug|Any CPU
		{5A7C275C-C080-407A-93BD-C3308CD4A34E}.Release|Any CPU.ActiveCfg = Release|Any CPU
		{5A7C275C-C080-407A-93BD-C3308CD4A34E}.Release|Any CPU.Build.0 = Release|Any CPU
		{89755528-EDFD-4535-ABB6-88D7ACB83233}.Debug|Any CPU.ActiveCfg = Debug|Any CPU
		{89755528-EDFD-4535-ABB6-88D7ACB83233}.Debug|Any CPU.Build.0 = Debug|Any CPU
		{89755528-EDFD-4535-ABB6-88D7ACB83233}.Release|Any CPU.ActiveCfg = Release|Any CPU
		{89755528-EDFD-4535-ABB6-88D7ACB83233}.Release|Any CPU.Build.0 = Release|Any CPU
		{9CDC4DD3-DCEE-4833-9425-39E8E4CA5D5F}.Debug|Any CPU.ActiveCfg = Debug|Any CPU
		{9CDC4DD3-DCEE-4833-9425-39E8E4CA5D5F}.Debug|Any CPU.Build.0 = Debug|Any CPU
		{9CDC4DD3-DCEE-4833-9425-39E8E4CA5D5F}.Release|Any CPU.ActiveCfg = Release|Any CPU
		{9CDC4DD3-DCEE-4833-9425-39E8E4CA5D5F}.Release|Any CPU.Build.0 = Release|Any CPU
		{EACB1F9C-A75B-4095-A320-7EE60DE0FABA}.Debug|Any CPU.ActiveCfg = Debug|Any CPU
		{EACB1F9C-A75B-4095-A320-7EE60DE0FABA}.Debug|Any CPU.Build.0 = Debug|Any CPU
		{EACB1F9C-A75B-4095-A320-7EE60DE0FABA}.Release|Any CPU.ActiveCfg = Release|Any CPU
		{EACB1F9C-A75B-4095-A320-7EE60DE0FABA}.Release|Any CPU.Build.0 = Release|Any CPU
		{E6713179-A6FE-404B-8E37-8D4365C877F4}.Debug|Any CPU.ActiveCfg = Debug|Any CPU
		{E6713179-A6FE-404B-8E37-8D4365C877F4}.Debug|Any CPU.Build.0 = Debug|Any CPU
		{E6713179-A6FE-404B-8E37-8D4365C877F4}.Release|Any CPU.ActiveCfg = Release|Any CPU
		{E6713179-A6FE-404B-8E37-8D4365C877F4}.Release|Any CPU.Build.0 = Release|Any CPU
		{FE587DD7-B6B8-4249-B416-CA776DEFDCBD}.Debug|Any CPU.ActiveCfg = Debug|Any CPU
		{FE587DD7-B6B8-4249-B416-CA776DEFDCBD}.Debug|Any CPU.Build.0 = Debug|Any CPU
		{FE587DD7-B6B8-4249-B416-CA776DEFDCBD}.Release|Any CPU.ActiveCfg = Release|Any CPU
		{FE587DD7-B6B8-4249-B416-CA776DEFDCBD}.Release|Any CPU.Build.0 = Release|Any CPU
		{E766F30D-1BB4-46B1-8D1A-09AB2738F4A3}.Debug|Any CPU.ActiveCfg = Debug|Any CPU
		{E766F30D-1BB4-46B1-8D1A-09AB2738F4A3}.Debug|Any CPU.Build.0 = Debug|Any CPU
		{E766F30D-1BB4-46B1-8D1A-09AB2738F4A3}.Release|Any CPU.ActiveCfg = Release|Any CPU
		{E766F30D-1BB4-46B1-8D1A-09AB2738F4A3}.Release|Any CPU.Build.0 = Release|Any CPU
		{6E78F85C-9752-4C5A-900B-AE1424516368}.Debug|Any CPU.ActiveCfg = Debug|Any CPU
		{6E78F85C-9752-4C5A-900B-AE1424516368}.Debug|Any CPU.Build.0 = Debug|Any CPU
		{6E78F85C-9752-4C5A-900B-AE1424516368}.Release|Any CPU.ActiveCfg = Release|Any CPU
		{6E78F85C-9752-4C5A-900B-AE1424516368}.Release|Any CPU.Build.0 = Release|Any CPU
		{4075F06D-A1E3-4848-81FD-609AEE7F3AA8}.Debug|Any CPU.ActiveCfg = Debug|Any CPU
		{4075F06D-A1E3-4848-81FD-609AEE7F3AA8}.Debug|Any CPU.Build.0 = Debug|Any CPU
		{4075F06D-A1E3-4848-81FD-609AEE7F3AA8}.Release|Any CPU.ActiveCfg = Release|Any CPU
		{4075F06D-A1E3-4848-81FD-609AEE7F3AA8}.Release|Any CPU.Build.0 = Release|Any CPU
		{8A1AD339-2E30-49AB-ACE1-F9791D20A9E9}.Debug|Any CPU.ActiveCfg = Debug|Any CPU
		{8A1AD339-2E30-49AB-ACE1-F9791D20A9E9}.Debug|Any CPU.Build.0 = Debug|Any CPU
		{8A1AD339-2E30-49AB-ACE1-F9791D20A9E9}.Release|Any CPU.ActiveCfg = Release|Any CPU
		{8A1AD339-2E30-49AB-ACE1-F9791D20A9E9}.Release|Any CPU.Build.0 = Release|Any CPU
		{FE902A59-73DD-4CA4-BC94-458D47C82FF1}.Debug|Any CPU.ActiveCfg = Debug|Any CPU
		{FE902A59-73DD-4CA4-BC94-458D47C82FF1}.Debug|Any CPU.Build.0 = Debug|Any CPU
		{FE902A59-73DD-4CA4-BC94-458D47C82FF1}.Release|Any CPU.ActiveCfg = Release|Any CPU
		{FE902A59-73DD-4CA4-BC94-458D47C82FF1}.Release|Any CPU.Build.0 = Release|Any CPU
		{EE92E561-72C9-43E8-8A2A-D9D78B54772C}.Debug|Any CPU.ActiveCfg = Debug|Any CPU
		{EE92E561-72C9-43E8-8A2A-D9D78B54772C}.Debug|Any CPU.Build.0 = Debug|Any CPU
		{EE92E561-72C9-43E8-8A2A-D9D78B54772C}.Release|Any CPU.ActiveCfg = Release|Any CPU
		{EE92E561-72C9-43E8-8A2A-D9D78B54772C}.Release|Any CPU.Build.0 = Release|Any CPU
		{0172DC3E-2897-4513-8B1B-D7FB52F30889}.Debug|Any CPU.ActiveCfg = Debug|Any CPU
		{0172DC3E-2897-4513-8B1B-D7FB52F30889}.Debug|Any CPU.Build.0 = Debug|Any CPU
		{0172DC3E-2897-4513-8B1B-D7FB52F30889}.Release|Any CPU.ActiveCfg = Release|Any CPU
		{0172DC3E-2897-4513-8B1B-D7FB52F30889}.Release|Any CPU.Build.0 = Release|Any CPU
		{739CB57A-91C6-4D73-8FA2-7D3557852FB7}.Debug|Any CPU.ActiveCfg = Debug|Any CPU
		{739CB57A-91C6-4D73-8FA2-7D3557852FB7}.Debug|Any CPU.Build.0 = Debug|Any CPU
		{739CB57A-91C6-4D73-8FA2-7D3557852FB7}.Release|Any CPU.ActiveCfg = Release|Any CPU
		{739CB57A-91C6-4D73-8FA2-7D3557852FB7}.Release|Any CPU.Build.0 = Release|Any CPU
		{A8806617-A0FD-4319-93C6-B62D945F8508}.Debug|Any CPU.ActiveCfg = Debug|Any CPU
		{A8806617-A0FD-4319-93C6-B62D945F8508}.Debug|Any CPU.Build.0 = Debug|Any CPU
		{A8806617-A0FD-4319-93C6-B62D945F8508}.Release|Any CPU.ActiveCfg = Release|Any CPU
		{A8806617-A0FD-4319-93C6-B62D945F8508}.Release|Any CPU.Build.0 = Release|Any CPU
		{4BBCC8D3-914C-442B-B595-387A694825BB}.Debug|Any CPU.ActiveCfg = Debug|Any CPU
		{4BBCC8D3-914C-442B-B595-387A694825BB}.Debug|Any CPU.Build.0 = Debug|Any CPU
		{4BBCC8D3-914C-442B-B595-387A694825BB}.Release|Any CPU.ActiveCfg = Release|Any CPU
		{4BBCC8D3-914C-442B-B595-387A694825BB}.Release|Any CPU.Build.0 = Release|Any CPU
		{0E1B3408-9134-4976-A457-15FCEC38AA1F}.Debug|Any CPU.ActiveCfg = Debug|Any CPU
		{0E1B3408-9134-4976-A457-15FCEC38AA1F}.Debug|Any CPU.Build.0 = Debug|Any CPU
		{0E1B3408-9134-4976-A457-15FCEC38AA1F}.Release|Any CPU.ActiveCfg = Release|Any CPU
		{0E1B3408-9134-4976-A457-15FCEC38AA1F}.Release|Any CPU.Build.0 = Release|Any CPU
		{FDB9C06D-72D1-4360-A9D3-0A80FFA16344}.Debug|Any CPU.ActiveCfg = Debug|Any CPU
		{FDB9C06D-72D1-4360-A9D3-0A80FFA16344}.Debug|Any CPU.Build.0 = Debug|Any CPU
		{FDB9C06D-72D1-4360-A9D3-0A80FFA16344}.Release|Any CPU.ActiveCfg = Release|Any CPU
		{FDB9C06D-72D1-4360-A9D3-0A80FFA16344}.Release|Any CPU.Build.0 = Release|Any CPU
	EndGlobalSection
	GlobalSection(SolutionProperties) = preSolution
		HideSolutionNode = FALSE
	EndGlobalSection
	GlobalSection(NestedProjects) = preSolution
		{E5CC17F4-3F51-4EAE-AEA1-48FD63D3DE63} = {FDEFE7F2-894C-4A38-A220-4F067B37C0EA}
		{BBDEC6F6-A090-4C69-BAF7-30C464EBB4F9} = {E5CC17F4-3F51-4EAE-AEA1-48FD63D3DE63}
		{22931CE2-D0B7-4DCA-8334-475C7790D574} = {E5CC17F4-3F51-4EAE-AEA1-48FD63D3DE63}
		{5A7C275C-C080-407A-93BD-C3308CD4A34E} = {E5CC17F4-3F51-4EAE-AEA1-48FD63D3DE63}
		{89755528-EDFD-4535-ABB6-88D7ACB83233} = {E5CC17F4-3F51-4EAE-AEA1-48FD63D3DE63}
		{9CDC4DD3-DCEE-4833-9425-39E8E4CA5D5F} = {E5CC17F4-3F51-4EAE-AEA1-48FD63D3DE63}
		{EACB1F9C-A75B-4095-A320-7EE60DE0FABA} = {E5CC17F4-3F51-4EAE-AEA1-48FD63D3DE63}
		{40A2F00A-0FDD-4A00-92AD-0374CDA462C1} = {FDEFE7F2-894C-4A38-A220-4F067B37C0EA}
		{E6713179-A6FE-404B-8E37-8D4365C877F4} = {40A2F00A-0FDD-4A00-92AD-0374CDA462C1}
		{FE587DD7-B6B8-4249-B416-CA776DEFDCBD} = {40A2F00A-0FDD-4A00-92AD-0374CDA462C1}
		{E766F30D-1BB4-46B1-8D1A-09AB2738F4A3} = {40A2F00A-0FDD-4A00-92AD-0374CDA462C1}
		{6E78F85C-9752-4C5A-900B-AE1424516368} = {40A2F00A-0FDD-4A00-92AD-0374CDA462C1}
		{4075F06D-A1E3-4848-81FD-609AEE7F3AA8} = {40A2F00A-0FDD-4A00-92AD-0374CDA462C1}
		{8A1AD339-2E30-49AB-ACE1-F9791D20A9E9} = {40A2F00A-0FDD-4A00-92AD-0374CDA462C1}
		{5E47817F-A263-45E2-852D-C794413F2F06} = {FDEFE7F2-894C-4A38-A220-4F067B37C0EA}
		{FE902A59-73DD-4CA4-BC94-458D47C82FF1} = {5E47817F-A263-45E2-852D-C794413F2F06}
		{EE92E561-72C9-43E8-8A2A-D9D78B54772C} = {5E47817F-A263-45E2-852D-C794413F2F06}
		{0172DC3E-2897-4513-8B1B-D7FB52F30889} = {5E47817F-A263-45E2-852D-C794413F2F06}
		{739CB57A-91C6-4D73-8FA2-7D3557852FB7} = {5E47817F-A263-45E2-852D-C794413F2F06}
		{A8806617-A0FD-4319-93C6-B62D945F8508} = {5E47817F-A263-45E2-852D-C794413F2F06}
		{80BF5742-A2B2-4017-9DAF-FD3847D37694} = {34D9FCAF-878F-4376-A0E7-2EF23ED4C619}
		{4BBCC8D3-914C-442B-B595-387A694825BB} = {80BF5742-A2B2-4017-9DAF-FD3847D37694}
		{0E1B3408-9134-4976-A457-15FCEC38AA1F} = {80BF5742-A2B2-4017-9DAF-FD3847D37694}
		{FDB9C06D-72D1-4360-A9D3-0A80FFA16344} = {80BF5742-A2B2-4017-9DAF-FD3847D37694}
	EndGlobalSection
	GlobalSection(ExtensibilityGlobals) = postSolution
		SolutionGuid = {C05BF204-356E-4503-B959-74ED22AB7CB0}
	EndGlobalSection
EndGlobal
